Microsoft Visual Studio Solution File, Format Version 12.00
# Visual Studio Version 17
VisualStudioVersion = 17.5.2.0
MinimumVisualStudioVersion = 10.0.40219.1
Project("{FAE04EC0-301F-11D3-BF4B-00C04F79EFBC}") = "carta", "carta.csproj", "{EDA7B840-E13B-4F89-9E84-199376AC5EAC}"
EndProject
Global
	GlobalSection(SolutionConfigurationPlatforms) = preSolution
		Debug|Any CPU = Debug|Any CPU
		Release|Any CPU = Release|Any CPU
	EndGlobalSection
	GlobalSection(ProjectConfigurationPlatforms) = postSolution
		{EDA7B840-E13B-4F89-9E84-199376AC5EAC}.Debug|Any CPU.ActiveCfg = Debug|Any CPU
		{EDA7B840-E13B-4F89-9E84-199376AC5EAC}.Debug|Any CPU.Build.0 = Debug|Any CPU
		{EDA7B840-E13B-4F89-9E84-199376AC5EAC}.Release|Any CPU.ActiveCfg = Release|Any CPU
		{EDA7B840-E13B-4F89-9E84-199376AC5EAC}.Release|Any CPU.Build.0 = Release|Any CPU
	EndGlobalSection
	GlobalSection(SolutionProperties) = preSolution
		HideSolutionNode = FALSE
	EndGlobalSection
	GlobalSection(ExtensibilityGlobals) = postSolution
		SolutionGuid = {AE1E8646-14F3-48B2-AF2A-BA2E0B174BFD}
	EndGlobalSection
EndGlobal
